{
  "name": "castle-storage-local",
  "version": "1.0.0",
  "lockfileVersion": 1,
  "requires": true,
  "dependencies": {
    "@types/node": {
      "version": "10.5.2",
      "resolved": "http://r.cnpmjs.org/@types/node/download/@types/node-10.5.2.tgz",
      "integrity": "sha1-8Z8FMU1UIf4350FTJUIBp78Apwc="
    },
    "bluebird": {
      "version": "3.5.1",
      "resolved": "http://r.cnpmjs.org/bluebird/download/bluebird-3.5.1.tgz",
      "integrity": "sha1-2VUfnemPH82h5oPRfukaBgLuLrk="
    },
    "fs-extra": {
      "version": "2.1.2",
      "resolved": "http://r.cnpmjs.org/fs-extra/download/fs-extra-2.1.2.tgz",
      "integrity": "sha1-BGxwFjzvmq1GsOSn+kZ/si1x3jU=",
      "requires": {
        "graceful-fs": "^4.1.2",
        "jsonfile": "^2.1.0"
      }
    },
    "fs-extra-promise": {
      "version": "1.0.1",
      "resolved": "http://r.cnpmjs.org/fs-extra-promise/download/fs-extra-promise-1.0.1.tgz",
      "integrity": "sha1-tu0azpexDga5X0WNBRt/BcZhPuY=",
      "requires": {
        "bluebird": "^3.5.0",
        "fs-extra": "^2.1.2"
      }
    },
    "graceful-fs": {
      "version": "4.1.11",
      "resolved": "http://r.cnpmjs.org/graceful-fs/download/graceful-fs-4.1.11.tgz",
      "integrity": "sha1-Dovf5NHduIVNZOBOp8AOKgJuVlg="
    },
    "jsonfile": {
      "version": "2.4.0",
      "resolved": "http://r.cnpmjs.org/jsonfile/download/jsonfile-2.4.0.tgz",
      "integrity": "sha1-NzaitCi4e72gzIO1P6PWM6NcKug=",
      "requires": {
        "graceful-fs": "^4.1.6"
      }
    }
  }
}
